{
  "name": "vscode-ts-sql-plugin",
  "version": "0.1.0",
  "lockfileVersion": 1,
  "requires": true,
  "dependencies": {
    "commander": {
      "version": "3.0.2",
      "resolved": "https://registry.npmjs.org/commander/-/commander-3.0.2.tgz",
      "integrity": "sha512-Gar0ASD4BDyKC4hl4DwHqDrmvjoxWKZigVnAbn5H1owvm4CxCPdb0HQDehwNYMJpla5+M2tPmPARzhtYuwpHow==",
      "dev": true
    },
    "ts-sql-plugin": {
      "version": "0.5.0",
      "resolved": "https://registry.npmjs.org/ts-sql-plugin/-/ts-sql-plugin-0.5.0.tgz",
      "integrity": "sha512-NcttUqdIGfRTOV19Gb/iatgn0r34cgoIhecW0SUTPuBxtzr7o3u17YTyRUqLR8IAA1WO+lGdpkGe3Utz+9I+ag==",
      "dev": true,
      "requires": {
        "commander": "^3.0.2",
        "typescript-template-language-service-decorator": "2.2.0"
      }
    },
    "typescript": {
      "version": "3.8.3",
      "resolved": "https://registry.npmjs.org/typescript/-/typescript-3.8.3.tgz",
      "integrity": "sha512-MYlEfn5VrLNsgudQTVJeNaQFUAI7DkhnOjdpAp4T+ku1TfQClewlbSuTVHiA+8skNBgaf02TL/kLOvig4y3G8w==",
      "dev": true
    },
    "typescript-template-language-service-decorator": {
      "version": "2.2.0",
      "resolved": "https://registry.npmjs.org/typescript-template-language-service-decorator/-/typescript-template-language-service-decorator-2.2.0.tgz",
      "integrity": "sha512-xiolqt1i7e22rpqMaprPgSFVgU64u3b9n6EJlAaUYE61jumipKAdI1+O5khPlWslpTUj80YzjUKjJ2jxT0D74w==",
      "dev": true
    }
  }
}
